
Microsoft Visual Studio Solution File, Format Version 12.00
# Visual Studio Version 16
VisualStudioVersion = 16.0.31624.102
MinimumVisualStudioVersion = 10.0.40219.1
Project("{FAE04EC0-301F-11D3-BF4B-00C04F79EFBC}") = "AsyncVisualiser", "AsyncVisualiser\AsyncVisualiser.csproj", "{585676F9-EFC9-4EC8-91C6-8ED287F2EC30}"
EndProject
Global
	GlobalSection(SolutionConfigurationPlatforms) = preSolution
		Debug|Any CPU = Debug|Any CPU
		Release|Any CPU = Release|Any CPU
	EndGlobalSection
	GlobalSection(ProjectConfigurationPlatforms) = postSolution
		{585676F9-EFC9-4EC8-91C6-8ED287F2EC30}.Debug|Any CPU.ActiveCfg = Debug|Any CPU
		{585676F9-EFC9-4EC8-91C6-8ED287F2EC30}.Debug|Any CPU.Build.0 = Debug|Any CPU
		{585676F9-EFC9-4EC8-91C6-8ED287F2EC30}.Release|Any CPU.ActiveCfg = Release|Any CPU
		{585676F9-EFC9-4EC8-91C6-8ED287F2EC30}.Release|Any CPU.Build.0 = Release|Any CPU
	EndGlobalSection
	GlobalSection(SolutionProperties) = preSolution
		HideSolutionNode = FALSE
	EndGlobalSection
	GlobalSection(ExtensibilityGlobals) = postSolution
		SolutionGuid = {A2A85E05-AD81-40EC-9F2B-15989B196A35}
	EndGlobalSection
EndGlobal
