
Microsoft Visual Studio Solution File, Format Version 12.00
# Visual Studio Version 16
VisualStudioVersion = 16.0.29728.190
MinimumVisualStudioVersion = 10.0.40219.1
Project("{FAE04EC0-301F-11D3-BF4B-00C04F79EFBC}") = "RPG", "RPG\RPG.csproj", "{98AA3819-28E4-49F8-9EF2-D5E3DE87B662}"
EndProject
Global
	GlobalSection(SolutionConfigurationPlatforms) = preSolution
		Debug|Any CPU = Debug|Any CPU
		Release|Any CPU = Release|Any CPU
	EndGlobalSection
	GlobalSection(ProjectConfigurationPlatforms) = postSolution
		{98AA3819-28E4-49F8-9EF2-D5E3DE87B662}.Debug|Any CPU.ActiveCfg = Debug|Any CPU
		{98AA3819-28E4-49F8-9EF2-D5E3DE87B662}.Debug|Any CPU.Build.0 = Debug|Any CPU
		{98AA3819-28E4-49F8-9EF2-D5E3DE87B662}.Release|Any CPU.ActiveCfg = Release|Any CPU
		{98AA3819-28E4-49F8-9EF2-D5E3DE87B662}.Release|Any CPU.Build.0 = Release|Any CPU
	EndGlobalSection
	GlobalSection(SolutionProperties) = preSolution
		HideSolutionNode = FALSE
	EndGlobalSection
	GlobalSection(ExtensibilityGlobals) = postSolution
		SolutionGuid = {F2DA08FA-2D85-465C-9130-A7695F00DFB2}
	EndGlobalSection
EndGlobal
